
Microsoft Visual Studio Solution File, Format Version 12.00
# Visual Studio Version 16
VisualStudioVersion = 16.0.32802.440
MinimumVisualStudioVersion = 10.0.40219.1
Project("{FAE04EC0-301F-11D3-BF4B-00C04F79EFBC}") = "MainApp", "MainApp\MainApp.csproj", "{99F14A55-1A4E-490D-85AB-7D579F592BED}"
EndProject
Global
	GlobalSection(SolutionConfigurationPlatforms) = preSolution
		Debug|Any CPU = Debug|Any CPU
		Release|Any CPU = Release|Any CPU
	EndGlobalSection
	GlobalSection(ProjectConfigurationPlatforms) = postSolution
		{99F14A55-1A4E-490D-85AB-7D579F592BED}.Debug|Any CPU.ActiveCfg = Debug|Any CPU
		{99F14A55-1A4E-490D-85AB-7D579F592BED}.Debug|Any CPU.Build.0 = Debug|Any CPU
		{99F14A55-1A4E-490D-85AB-7D579F592BED}.Release|Any CPU.ActiveCfg = Release|Any CPU
		{99F14A55-1A4E-490D-85AB-7D579F592BED}.Release|Any CPU.Build.0 = Release|Any CPU
	EndGlobalSection
	GlobalSection(SolutionProperties) = preSolution
		HideSolutionNode = FALSE
	EndGlobalSection
	GlobalSection(ExtensibilityGlobals) = postSolution
		SolutionGuid = {1072C87B-BD68-43AA-9A44-E1F4AC49BEDA}
	EndGlobalSection
EndGlobal
